
Microsoft Visual Studio Solution File, Format Version 12.00
# Visual Studio Version 16
VisualStudioVersion = 16.0.31702.278
MinimumVisualStudioVersion = 10.0.40219.1
Project("{9A19103F-16F7-4668-BE54-9A1E7A4F7556}") = "APM.AGENT", "APM.AGENT\APM.AGENT.csproj", "{B8E774C1-999B-43A1-8113-9BD9CA152298}"
EndProject
Project("{9A19103F-16F7-4668-BE54-9A1E7A4F7556}") = "ElasticSearch.API", "ElasticSearch.API\ElasticSearch.API.csproj", "{BCC6E0DF-5566-438E-B532-71701E468333}"
EndProject
Project("{FAE04EC0-301F-11D3-BF4B-00C04F79EFBC}") = "ElasticSearch2BestWay", "ElasticSearch2BestWay\ElasticSearch2BestWay.csproj", "{F7D15A57-3C4B-462D-A5AF-F68986D53D8C}"
EndProject
Global
	GlobalSection(SolutionConfigurationPlatforms) = preSolution
		Debug|Any CPU = Debug|Any CPU
		Release|Any CPU = Release|Any CPU
	EndGlobalSection
	GlobalSection(ProjectConfigurationPlatforms) = postSolution
		{B8E774C1-999B-43A1-8113-9BD9CA152298}.Debug|Any CPU.ActiveCfg = Debug|Any CPU
		{B8E774C1-999B-43A1-8113-9BD9CA152298}.Debug|Any CPU.Build.0 = Debug|Any CPU
		{B8E774C1-999B-43A1-8113-9BD9CA152298}.Release|Any CPU.ActiveCfg = Release|Any CPU
		{B8E774C1-999B-43A1-8113-9BD9CA152298}.Release|Any CPU.Build.0 = Release|Any CPU
		{BCC6E0DF-5566-438E-B532-71701E468333}.Debug|Any CPU.ActiveCfg = Debug|Any CPU
		{BCC6E0DF-5566-438E-B532-71701E468333}.Debug|Any CPU.Build.0 = Debug|Any CPU
		{BCC6E0DF-5566-438E-B532-71701E468333}.Release|Any CPU.ActiveCfg = Release|Any CPU
		{BCC6E0DF-5566-438E-B532-71701E468333}.Release|Any CPU.Build.0 = Release|Any CPU
		{F7D15A57-3C4B-462D-A5AF-F68986D53D8C}.Debug|Any CPU.ActiveCfg = Debug|Any CPU
		{F7D15A57-3C4B-462D-A5AF-F68986D53D8C}.Debug|Any CPU.Build.0 = Debug|Any CPU
		{F7D15A57-3C4B-462D-A5AF-F68986D53D8C}.Release|Any CPU.ActiveCfg = Release|Any CPU
		{F7D15A57-3C4B-462D-A5AF-F68986D53D8C}.Release|Any CPU.Build.0 = Release|Any CPU
	EndGlobalSection
	GlobalSection(SolutionProperties) = preSolution
		HideSolutionNode = FALSE
	EndGlobalSection
	GlobalSection(ExtensibilityGlobals) = postSolution
		SolutionGuid = {7BE7EFE9-F1F4-4C7D-93C2-BCA09B5EE0C7}
	EndGlobalSection
EndGlobal
